
Microsoft Visual Studio Solution File, Format Version 12.00
# Visual Studio Version 16
VisualStudioVersion = 16.0.31205.134
MinimumVisualStudioVersion = 10.0.40219.1
Project("{9A19103F-16F7-4668-BE54-9A1E7A4F7556}") = "MyNumericUpDown", "MyNumericUpDownTest\MyNumericUpDown.csproj", "{1BB6E3CD-D13A-4CD4-8E3E-4D4E09EDA607}"
EndProject
Global
	GlobalSection(SolutionConfigurationPlatforms) = preSolution
		Debug|Any CPU = Debug|Any CPU
		Release|Any CPU = Release|Any CPU
	EndGlobalSection
	GlobalSection(ProjectConfigurationPlatforms) = postSolution
		{1BB6E3CD-D13A-4CD4-8E3E-4D4E09EDA607}.Debug|Any CPU.ActiveCfg = Debug|Any CPU
		{1BB6E3CD-D13A-4CD4-8E3E-4D4E09EDA607}.Debug|Any CPU.Build.0 = Debug|Any CPU
		{1BB6E3CD-D13A-4CD4-8E3E-4D4E09EDA607}.Release|Any CPU.ActiveCfg = Release|Any CPU
		{1BB6E3CD-D13A-4CD4-8E3E-4D4E09EDA607}.Release|Any CPU.Build.0 = Release|Any CPU
	EndGlobalSection
	GlobalSection(SolutionProperties) = preSolution
		HideSolutionNode = FALSE
	EndGlobalSection
	GlobalSection(ExtensibilityGlobals) = postSolution
		SolutionGuid = {B0FBC936-43B9-4E50-99C6-54A343DE8703}
	EndGlobalSection
EndGlobal
